{
  "name": "base-web",
  "version": "1.0.0",
  "lockfileVersion": 2,
  "requires": true,
  "packages": {
    "": {
      "name": "base-web",
      "version": "1.0.0",
      "license": "ISC",
      "devDependencies": {
        "storybook-html-demo": "^0.1.1"
      }
    },
    "node_modules/storybook-html-demo": {
      "version": "0.1.1",
      "resolved": "https://registry.npmjs.org/storybook-html-demo/-/storybook-html-demo-0.1.1.tgz",
      "integrity": "sha512-NrTNYxzR/Tq5J4lPvjwfZjeQGQgUUEe6vWsU9hi9eSs+jha+g7RUO4HGB4KobGXEr9S7M98JQS1fxa9Q6yWKtw==",
      "dev": true
    }
  },
  "dependencies": {
    "storybook-html-demo": {
      "version": "0.1.1",
      "resolved": "https://registry.npmjs.org/storybook-html-demo/-/storybook-html-demo-0.1.1.tgz",
      "integrity": "sha512-NrTNYxzR/Tq5J4lPvjwfZjeQGQgUUEe6vWsU9hi9eSs+jha+g7RUO4HGB4KobGXEr9S7M98JQS1fxa9Q6yWKtw==",
      "dev": true
    }
  }
}
